
Microsoft Visual Studio Solution File, Format Version 12.00
# Visual Studio Version 17
VisualStudioVersion = 17.8.34525.116
MinimumVisualStudioVersion = 10.0.40219.1
Project("{FAE04EC0-301F-11D3-BF4B-00C04F79EFBC}") = "Mi2doAlgoritmo", "Mi2doAlgoritmo.csproj", "{238762A9-C809-4365-A98B-2BB01E549C69}"
EndProject
Global
	GlobalSection(SolutionConfigurationPlatforms) = preSolution
		Debug|Any CPU = Debug|Any CPU
		Release|Any CPU = Release|Any CPU
	EndGlobalSection
	GlobalSection(ProjectConfigurationPlatforms) = postSolution
		{238762A9-C809-4365-A98B-2BB01E549C69}.Debug|Any CPU.ActiveCfg = Debug|Any CPU
		{238762A9-C809-4365-A98B-2BB01E549C69}.Debug|Any CPU.Build.0 = Debug|Any CPU
		{238762A9-C809-4365-A98B-2BB01E549C69}.Release|Any CPU.ActiveCfg = Release|Any CPU
		{238762A9-C809-4365-A98B-2BB01E549C69}.Release|Any CPU.Build.0 = Release|Any CPU
	EndGlobalSection
	GlobalSection(SolutionProperties) = preSolution
		HideSolutionNode = FALSE
	EndGlobalSection
	GlobalSection(ExtensibilityGlobals) = postSolution
		SolutionGuid = {53D82C75-48D6-49B7-9C02-D2ABB2389DB6}
	EndGlobalSection
EndGlobal
